// !$*UTF8*$!
{
	archiveVersion = 1;
	classes = {
	};
	objectVersion = 56;
	objects = {

/* Begin PBXBuildFile section */
		2046142329EBD1E5004C3F06 /* LoadingView.swift in Sources */ = {isa = PBXBuildFile; fileRef = 2046142229EBD1E5004C3F06 /* LoadingView.swift */; };
		2046142529EBD61F004C3F06 /* WeatherManager.swift in Sources */ = {isa = PBXBuildFile; fileRef = 2046142429EBD61F004C3F06 /* WeatherManager.swift */; };
		2046142729EBE9F9004C3F06 /* WeatherView.swift in Sources */ = {isa = PBXBuildFile; fileRef = 2046142629EBE9F9004C3F06 /* WeatherView.swift */; };
		2046142929EBEAB0004C3F06 /* ModelData.swift in Sources */ = {isa = PBXBuildFile; fileRef = 2046142829EBEAB0004C3F06 /* ModelData.swift */; };
		2046142B29EBEADE004C3F06 /* weatherData.json in Resources */ = {isa = PBXBuildFile; fileRef = 2046142A29EBEADE004C3F06 /* weatherData.json */; };
		2046142D29EBEBE9004C3F06 /* Extensions.swift in Sources */ = {isa = PBXBuildFile; fileRef = 2046142C29EBEBE9004C3F06 /* Extensions.swift */; };
		2046143029EC0296004C3F06 /* WeatherRow.swift in Sources */ = {isa = PBXBuildFile; fileRef = 2046142F29EC0296004C3F06 /* WeatherRow.swift */; };
		20C7339F29EBC2E400D69052 /* WeatherDemoApp.swift in Sources */ = {isa = PBXBuildFile; fileRef = 20C7339E29EBC2E400D69052 /* WeatherDemoApp.swift */; };
		20C733A129EBC2E400D69052 /* ContentView.swift in Sources */ = {isa = PBXBuildFile; fileRef = 20C733A029EBC2E400D69052 /* ContentView.swift */; };
		20C733A329EBC2E600D69052 /* Assets.xcassets in Resources */ = {isa = PBXBuildFile; fileRef = 20C733A229EBC2E600D69052 /* Assets.xcassets */; };
		20C733A629EBC2E600D69052 /* Preview Assets.xcassets in Resources */ = {isa = PBXBuildFile; fileRef = 20C733A529EBC2E600D69052 /* Preview Assets.xcassets */; };
		20C733B029EBC2E700D69052 /* WeatherDemoTests.swift in Sources */ = {isa = PBXBuildFile; fileRef = 20C733AF29EBC2E700D69052 /* WeatherDemoTests.swift */; };
		20C733BA29EBC2E700D69052 /* WeatherDemoUITests.swift in Sources */ = {isa = PBXBuildFile; fileRef = 20C733B929EBC2E700D69052 /* WeatherDemoUITests.swift */; };
		20C733BC29EBC2E700D69052 /* WeatherDemoUITestsLaunchTests.swift in Sources */ = {isa = PBXBuildFile; fileRef = 20C733BB29EBC2E700D69052 /* WeatherDemoUITestsLaunchTests.swift */; };
		20C733CA29EBC3BF00D69052 /* LocationManager.swift in Sources */ = {isa = PBXBuildFile; fileRef = 20C733C929EBC3BF00D69052 /* LocationManager.swift */; };
		20C733CD29EBC79300D69052 /* WelcomeView.swift in Sources */ = {isa = PBXBuildFile; fileRef = 20C733CC29EBC79300D69052 /* WelcomeView.swift */; };
/* End PBXBuildFile section */

/* Begin PBXContainerItemProxy section */
		20C733AC29EBC2E700D69052 /* PBXContainerItemProxy */ = {
			isa = PBXContainerItemProxy;
			containerPortal = 20C7339329EBC2E400D69052 /* Project object */;
			proxyType = 1;
			remoteGlobalIDString = 20C7339A29EBC2E400D69052;
			remoteInfo = WeatherDemo;
		};
		20C733B629EBC2E700D69052 /* PBXContainerItemProxy */ = {
			isa = PBXContainerItemProxy;
			containerPortal = 20C7339329EBC2E400D69052 /* Project object */;
			proxyType = 1;
			remoteGlobalIDString = 20C7339A29EBC2E400D69052;
			remoteInfo = WeatherDemo;
		};
/* End PBXContainerItemProxy section */

/* Begin PBXFileReference section */
		2046142229EBD1E5004C3F06 /* LoadingView.swift */ = {isa = PBXFileReference; lastKnownFileType = sourcecode.swift; path = LoadingView.swift; sourceTree = "<group>"; };
		2046142429EBD61F004C3F06 /* WeatherManager.swift */ = {isa = PBXFileReference; lastKnownFileType = sourcecode.swift; path = WeatherManager.swift; sourceTree = "<group>"; };
		2046142629EBE9F9004C3F06 /* WeatherView.swift */ = {isa = PBXFileReference; lastKnownFileType = sourcecode.swift; path = WeatherView.swift; sourceTree = "<group>"; };
		2046142829EBEAB0004C3F06 /* ModelData.swift */ = {isa = PBXFileReference; lastKnownFileType = sourcecode.swift; path = ModelData.swift; sourceTree = "<group>"; };
		2046142A29EBEADE004C3F06 /* weatherData.json */ = {isa = PBXFileReference; lastKnownFileType = text.json; path = weatherData.json; sourceTree = "<group>"; };
		2046142C29EBEBE9004C3F06 /* Extensions.swift */ = {isa = PBXFileReference; lastKnownFileType = sourcecode.swift; path = Extensions.swift; sourceTree = "<group>"; };
		2046142F29EC0296004C3F06 /* WeatherRow.swift */ = {isa = PBXFileReference; lastKnownFileType = sourcecode.swift; path = WeatherRow.swift; sourceTree = "<group>"; };
		20C7339B29EBC2E400D69052 /* WeatherDemo.app */ = {isa = PBXFileReference; explicitFileType = wrapper.application; includeInIndex = 0; path = WeatherDemo.app; sourceTree = BUILT_PRODUCTS_DIR; };
		20C7339E29EBC2E400D69052 /* WeatherDemoApp.swift */ = {isa = PBXFileReference; lastKnownFileType = sourcecode.swift; path = WeatherDemoApp.swift; sourceTree = "<group>"; };
		20C733A029EBC2E400D69052 /* ContentView.swift */ = {isa = PBXFileReference; lastKnownFileType = sourcecode.swift; path = ContentView.swift; sourceTree = "<group>"; };
		20C733A229EBC2E600D69052 /* Assets.xcassets */ = {isa = PBXFileReference; lastKnownFileType = folder.assetcatalog; path = Assets.xcassets; sourceTree = "<group>"; };
		20C733A529EBC2E600D69052 /* Preview Assets.xcassets */ = {isa = PBXFileReference; lastKnownFileType = folder.assetcatalog; path = "Preview Assets.xcassets"; sourceTree = "<group>"; };
		20C733AB29EBC2E700D69052 /* WeatherDemoTests.xctest */ = {isa = PBXFileReference; explicitFileType = wrapper.cfbundle; includeInIndex = 0; path = WeatherDemoTests.xctest; sourceTree = BUILT_PRODUCTS_DIR; };
		20C733AF29EBC2E700D69052 /* WeatherDemoTests.swift */ = {isa = PBXFileReference; lastKnownFileType = sourcecode.swift; path = WeatherDemoTests.swift; sourceTree = "<group>"; };
		20C733B529EBC2E700D69052 /* WeatherDemoUITests.xctest */ = {isa = PBXFileReference; explicitFileType = wrapper.cfbundle; includeInIndex = 0; path = WeatherDemoUITests.xctest; sourceTree = BUILT_PRODUCTS_DIR; };
		20C733B929EBC2E700D69052 /* WeatherDemoUITests.swift */ = {isa = PBXFileReference; lastKnownFileType = sourcecode.swift; path = WeatherDemoUITests.swift; sourceTree = "<group>"; };
		20C733BB29EBC2E700D69052 /* WeatherDemoUITestsLaunchTests.swift */ = {isa = PBXFileReference; lastKnownFileType = sourcecode.swift; path = WeatherDemoUITestsLaunchTests.swift; sourceTree = "<group>"; };
		20C733C929EBC3BF00D69052 /* LocationManager.swift */ = {isa = PBXFileReference; lastKnownFileType = sourcecode.swift; path = LocationManager.swift; sourceTree = "<group>"; };
		20C733CC29EBC79300D69052 /* WelcomeView.swift */ = {isa = PBXFileReference; lastKnownFileType = sourcecode.swift; path = WelcomeView.swift; sourceTree = "<group>"; };
/* End PBXFileReference section */

/* Begin PBXFrameworksBuildPhase section */
		20C7339829EBC2E400D69052 /* Frameworks */ = {
			isa = PBXFrameworksBuildPhase;
			buildActionMask = 2147483647;
			files = (
			);
			runOnlyForDeploymentPostprocessing = 0;
		};
		20C733A829EBC2E700D69052 /* Frameworks */ = {
			isa = PBXFrameworksBuildPhase;
			buildActionMask = 2147483647;
			files = (
			);
			runOnlyForDeploymentPostprocessing = 0;
		};
		20C733B229EBC2E700D69052 /* Frameworks */ = {
			isa = PBXFrameworksBuildPhase;
			buildActionMask = 2147483647;
			files = (
			);
			runOnlyForDeploymentPostprocessing = 0;
		};
/* End PBXFrameworksBuildPhase section */

/* Begin PBXGroup section */
		2046142E29EC026D004C3F06 /* Components */ = {
			isa = PBXGroup;
			children = (
				2046142F29EC0296004C3F06 /* WeatherRow.swift */,
			);
			path = Components;
			sourceTree = "<group>";
		};
		20C7339229EBC2E400D69052 = {
			isa = PBXGroup;
			children = (
				20C7339D29EBC2E400D69052 /* WeatherDemo */,
				20C733AE29EBC2E700D69052 /* WeatherDemoTests */,
				20C733B829EBC2E700D69052 /* WeatherDemoUITests */,
				20C7339C29EBC2E400D69052 /* Products */,
			);
			sourceTree = "<group>";
		};
		20C7339C29EBC2E400D69052 /* Products */ = {
			isa = PBXGroup;
			children = (
				20C7339B29EBC2E400D69052 /* WeatherDemo.app */,
				20C733AB29EBC2E700D69052 /* WeatherDemoTests.xctest */,
				20C733B529EBC2E700D69052 /* WeatherDemoUITests.xctest */,
			);
			name = Products;
			sourceTree = "<group>";
		};
		20C7339D29EBC2E400D69052 /* WeatherDemo */ = {
			isa = PBXGroup;
			children = (
				2046142E29EC026D004C3F06 /* Components */,
				20C7339E29EBC2E400D69052 /* WeatherDemoApp.swift */,
				20C733CB29EBC6EB00D69052 /* Views */,
				20C733C829EBC39D00D69052 /* Managers */,
				20C733A229EBC2E600D69052 /* Assets.xcassets */,
				20C733A429EBC2E600D69052 /* Preview Content */,
				2046142C29EBEBE9004C3F06 /* Extensions.swift */,
			);
			path = WeatherDemo;
			sourceTree = "<group>";
		};
		20C733A429EBC2E600D69052 /* Preview Content */ = {
			isa = PBXGroup;
			children = (
				20C733A529EBC2E600D69052 /* Preview Assets.xcassets */,
				2046142829EBEAB0004C3F06 /* ModelData.swift */,
				2046142A29EBEADE004C3F06 /* weatherData.json */,
			);
			path = "Preview Content";
			sourceTree = "<group>";
		};
		20C733AE29EBC2E700D69052 /* WeatherDemoTests */ = {
			isa = PBXGroup;
			children = (
				20C733AF29EBC2E700D69052 /* WeatherDemoTests.swift */,
			);
			path = WeatherDemoTests;
			sourceTree = "<group>";
		};
		20C733B829EBC2E700D69052 /* WeatherDemoUITests */ = {
			isa = PBXGroup;
			children = (
				20C733B929EBC2E700D69052 /* WeatherDemoUITests.swift */,
				20C733BB29EBC2E700D69052 /* WeatherDemoUITestsLaunchTests.swift */,
			);
			path = WeatherDemoUITests;
			sourceTree = "<group>";
		};
		20C733C829EBC39D00D69052 /* Managers */ = {
			isa = PBXGroup;
			children = (
				20C733C929EBC3BF00D69052 /* LocationManager.swift */,
				2046142429EBD61F004C3F06 /* WeatherManager.swift */,
			);
			path = Managers;
			sourceTree = "<group>";
		};
		20C733CB29EBC6EB00D69052 /* Views */ = {
			isa = PBXGroup;
			children = (
				20C733A029EBC2E400D69052 /* ContentView.swift */,
				20C733CC29EBC79300D69052 /* WelcomeView.swift */,
				2046142229EBD1E5004C3F06 /* LoadingView.swift */,
				2046142629EBE9F9004C3F06 /* WeatherView.swift */,
			);
			path = Views;
			sourceTree = "<group>";
		};
/* End PBXGroup section */

/* Begin PBXNativeTarget section */
		20C7339A29EBC2E400D69052 /* WeatherDemo */ = {
			isa = PBXNativeTarget;
			buildConfigurationList = 20C733BF29EBC2E700D69052 /* Build configuration list for PBXNativeTarget "WeatherDemo" */;
			buildPhases = (
				20C7339729EBC2E400D69052 /* Sources */,
				20C7339829EBC2E400D69052 /* Frameworks */,
				20C7339929EBC2E400D69052 /* Resources */,
			);
			buildRules = (
			);
			dependencies = (
			);
			name = WeatherDemo;
			productName = WeatherDemo;
			productReference = 20C7339B29EBC2E400D69052 /* WeatherDemo.app */;
			productType = "com.apple.product-type.application";
		};
		20C733AA29EBC2E700D69052 /* WeatherDemoTests */ = {
			isa = PBXNativeTarget;
			buildConfigurationList = 20C733C229EBC2E700D69052 /* Build configuration list for PBXNativeTarget "WeatherDemoTests" */;
			buildPhases = (
				20C733A729EBC2E700D69052 /* Sources */,
				20C733A829EBC2E700D69052 /* Frameworks */,
				20C733A929EBC2E700D69052 /* Resources */,
			);
			buildRules = (
			);
			dependencies = (
				20C733AD29EBC2E700D69052 /* PBXTargetDependency */,
			);
			name = WeatherDemoTests;
			productName = WeatherDemoTests;
			productReference = 20C733AB29EBC2E700D69052 /* WeatherDemoTests.xctest */;
			productType = "com.apple.product-type.bundle.unit-test";
		};
		20C733B429EBC2E700D69052 /* WeatherDemoUITests */ = {
			isa = PBXNativeTarget;
			buildConfigurationList = 20C733C529EBC2E700D69052 /* Build configuration list for PBXNativeTarget "WeatherDemoUITests" */;
			buildPhases = (
				20C733B129EBC2E700D69052 /* Sources */,
				20C733B229EBC2E700D69052 /* Frameworks */,
				20C733B329EBC2E700D69052 /* Resources */,
			);
			buildRules = (
			);
			dependencies = (
				20C733B729EBC2E700D69052 /* PBXTargetDependency */,
			);
			name = WeatherDemoUITests;
			productName = WeatherDemoUITests;
			productReference = 20C733B529EBC2E700D69052 /* WeatherDemoUITests.xctest */;
			productType = "com.apple.product-type.bundle.ui-testing";
		};
/* End PBXNativeTarget section */

/* Begin PBXProject section */
		20C7339329EBC2E400D69052 /* Project object */ = {
			isa = PBXProject;
			attributes = {
				BuildIndependentTargetsInParallel = 1;
				LastSwiftUpdateCheck = 1430;
				LastUpgradeCheck = 1430;
				TargetAttributes = {
					20C7339A29EBC2E400D69052 = {
						CreatedOnToolsVersion = 14.3;
					};
					20C733AA29EBC2E700D69052 = {
						CreatedOnToolsVersion = 14.3;
						TestTargetID = 20C7339A29EBC2E400D69052;
					};
					20C733B429EBC2E700D69052 = {
						CreatedOnToolsVersion = 14.3;
						TestTargetID = 20C7339A29EBC2E400D69052;
					};
				};
			};
			buildConfigurationList = 20C7339629EBC2E400D69052 /* Build configuration list for PBXProject "WeatherDemo" */;
			compatibilityVersion = "Xcode 14.0";
			developmentRegion = en;
			hasScannedForEncodings = 0;
			knownRegions = (
				en,
				Base,
			);
			mainGroup = 20C7339229EBC2E400D69052;
			productRefGroup = 20C7339C29EBC2E400D69052 /* Products */;
			projectDirPath = "";
			projectRoot = "";
			targets = (
				20C7339A29EBC2E400D69052 /* WeatherDemo */,
				20C733AA29EBC2E700D69052 /* WeatherDemoTests */,
				20C733B429EBC2E700D69052 /* WeatherDemoUITests */,
			);
		};
/* End PBXProject section */

/* Begin PBXResourcesBuildPhase section */
		20C7339929EBC2E400D69052 /* Resources */ = {
			isa = PBXResourcesBuildPhase;
			buildActionMask = 2147483647;
			files = (
				20C733A629EBC2E600D69052 /* Preview Assets.xcassets in Resources */,
				2046142B29EBEADE004C3F06 /* weatherData.json in Resources */,
				20C733A329EBC2E600D69052 /* Assets.xcassets in Resources */,
			);
			runOnlyForDeploymentPostprocessing = 0;
		};
		20C733A929EBC2E700D69052 /* Resources */ = {
			isa = PBXResourcesBuildPhase;
			buildActionMask = 2147483647;
			files = (
			);
			runOnlyForDeploymentPostprocessing = 0;
		};
		20C733B329EBC2E700D69052 /* Resources */ = {
			isa = PBXResourcesBuildPhase;
			buildActionMask = 2147483647;
			files = (
			);
			runOnlyForDeploymentPostprocessing = 0;
		};
/* End PBXResourcesBuildPhase section */

/* Begin PBXSourcesBuildPhase section */
		20C7339729EBC2E400D69052 /* Sources */ = {
			isa = PBXSourcesBuildPhase;
			buildActionMask = 2147483647;
			files = (
				2046142529EBD61F004C3F06 /* WeatherManager.swift in Sources */,
				2046142D29EBEBE9004C3F06 /* Extensions.swift in Sources */,
				20C733A129EBC2E400D69052 /* ContentView.swift in Sources */,
				20C7339F29EBC2E400D69052 /* WeatherDemoApp.swift in Sources */,
				20C733CA29EBC3BF00D69052 /* LocationManager.swift in Sources */,
				2046143029EC0296004C3F06 /* WeatherRow.swift in Sources */,
				2046142329EBD1E5004C3F06 /* LoadingView.swift in Sources */,
				2046142929EBEAB0004C3F06 /* ModelData.swift in Sources */,
				2046142729EBE9F9004C3F06 /* WeatherView.swift in Sources */,
				20C733CD29EBC79300D69052 /* WelcomeView.swift in Sources */,
			);
			runOnlyForDeploymentPostprocessing = 0;
		};
		20C733A729EBC2E700D69052 /* Sources */ = {
			isa = PBXSourcesBuildPhase;
			buildActionMask = 2147483647;
			files = (
				20C733B029EBC2E700D69052 /* WeatherDemoTests.swift in Sources */,
			);
			runOnlyForDeploymentPostprocessing = 0;
		};
		20C733B129EBC2E700D69052 /* Sources */ = {
			isa = PBXSourcesBuildPhase;
			buildActionMask = 2147483647;
			files = (
				20C733BC29EBC2E700D69052 /* WeatherDemoUITestsLaunchTests.swift in Sources */,
				20C733BA29EBC2E700D69052 /* WeatherDemoUITests.swift in Sources */,
			);
			runOnlyForDeploymentPostprocessing = 0;
		};
/* End PBXSourcesBuildPhase section */

/* Begin PBXTargetDependency section */
		20C733AD29EBC2E700D69052 /* PBXTargetDependency */ = {
			isa = PBXTargetDependency;
			target = 20C7339A29EBC2E400D69052 /* WeatherDemo */;
			targetProxy = 20C733AC29EBC2E700D69052 /* PBXContainerItemProxy */;
		};
		20C733B729EBC2E700D69052 /* PBXTargetDependency */ = {
			isa = PBXTargetDependency;
			target = 20C7339A29EBC2E400D69052 /* WeatherDemo */;
			targetProxy = 20C733B629EBC2E700D69052 /* PBXContainerItemProxy */;
		};
/* End PBXTargetDependency section */

/* Begin XCBuildConfiguration section */
		20C733BD29EBC2E700D69052 /* Debug */ = {
			isa = XCBuildConfiguration;
			buildSettings = {
				ALWAYS_SEARCH_USER_PATHS = NO;
				CLANG_ANALYZER_NONNULL = YES;
				CLANG_ANALYZER_NUMBER_OBJECT_CONVERSION = YES_AGGRESSIVE;
				CLANG_CXX_LANGUAGE_STANDARD = "gnu++20";
				CLANG_ENABLE_MODULES = YES;
				CLANG_ENABLE_OBJC_ARC = YES;
				CLANG_ENABLE_OBJC_WEAK = YES;
				CLANG_WARN_BLOCK_CAPTURE_AUTORELEASING = YES;
				CLANG_WARN_BOOL_CONVERSION = YES;
				CLANG_WARN_COMMA = YES;
				CLANG_WARN_CONSTANT_CONVERSION = YES;
				CLANG_WARN_DEPRECATED_OBJC_IMPLEMENTATIONS = YES;
				CLANG_WARN_DIRECT_OBJC_ISA_USAGE = YES_ERROR;
				CLANG_WARN_DOCUMENTATION_COMMENTS = YES;
				CLANG_WARN_EMPTY_BODY = YES;
				CLANG_WARN_ENUM_CONVERSION = YES;
				CLANG_WARN_INFINITE_RECURSION = YES;
				CLANG_WARN_INT_CONVERSION = YES;
				CLANG_WARN_NON_LITERAL_NULL_CONVERSION = YES;
				CLANG_WARN_OBJC_IMPLICIT_RETAIN_SELF = YES;
				CLANG_WARN_OBJC_LITERAL_CONVERSION = YES;
				CLANG_WARN_OBJC_ROOT_CLASS = YES_ERROR;
				CLANG_WARN_QUOTED_INCLUDE_IN_FRAMEWORK_HEADER = YES;
				CLANG_WARN_RANGE_LOOP_ANALYSIS = YES;
				CLANG_WARN_STRICT_PROTOTYPES = YES;
				CLANG_WARN_SUSPICIOUS_MOVE = YES;
				CLANG_WARN_UNGUARDED_AVAILABILITY = YES_AGGRESSIVE;
				CLANG_WARN_UNREACHABLE_CODE = YES;
				CLANG_WARN__DUPLICATE_METHOD_MATCH = YES;
				COPY_PHASE_STRIP = NO;
				DEBUG_INFORMATION_FORMAT = dwarf;
				ENABLE_STRICT_OBJC_MSGSEND = YES;
				ENABLE_TESTABILITY = YES;
				GCC_C_LANGUAGE_STANDARD = gnu11;
				GCC_DYNAMIC_NO_PIC = NO;
				GCC_NO_COMMON_BLOCKS = YES;
				GCC_OPTIMIZATION_LEVEL = 0;
				GCC_PREPROCESSOR_DEFINITIONS = (
					"DEBUG=1",
					"$(inherited)",
				);
				GCC_WARN_64_TO_32_BIT_CONVERSION = YES;
				GCC_WARN_ABOUT_RETURN_TYPE = YES_ERROR;
				GCC_WARN_UNDECLARED_SELECTOR = YES;
				GCC_WARN_UNINITIALIZED_AUTOS = YES_AGGRESSIVE;
				GCC_WARN_UNUSED_FUNCTION = YES;
				GCC_WARN_UNUSED_VARIABLE = YES;
				IPHONEOS_DEPLOYMENT_TARGET = 16.4;
				MTL_ENABLE_DEBUG_INFO = INCLUDE_SOURCE;
				MTL_FAST_MATH = YES;
				ONLY_ACTIVE_ARCH = YES;
				SDKROOT = iphoneos;
				SWIFT_ACTIVE_COMPILATION_CONDITIONS = DEBUG;
				SWIFT_OPTIMIZATION_LEVEL = "-Onone";
			};
			name = Debug;
		};
		20C733BE29EBC2E700D69052 /* Release */ = {
			isa = XCBuildConfiguration;
			buildSettings = {
				ALWAYS_SEARCH_USER_PATHS = NO;
				CLANG_ANALYZER_NONNULL = YES;
				CLANG_ANALYZER_NUMBER_OBJECT_CONVERSION = YES_AGGRESSIVE;
				CLANG_CXX_LANGUAGE_STANDARD = "gnu++20";
				CLANG_ENABLE_MODULES = YES;
				CLANG_ENABLE_OBJC_ARC = YES;
				CLANG_ENABLE_OBJC_WEAK = YES;
				CLANG_WARN_BLOCK_CAPTURE_AUTORELEASING = YES;
				CLANG_WARN_BOOL_CONVERSION = YES;
				CLANG_WARN_COMMA = YES;
				CLANG_WARN_CONSTANT_CONVERSION = YES;
				CLANG_WARN_DEPRECATED_OBJC_IMPLEMENTATIONS = YES;
				CLANG_WARN_DIRECT_OBJC_ISA_USAGE = YES_ERROR;
				CLANG_WARN_DOCUMENTATION_COMMENTS = YES;
				CLANG_WARN_EMPTY_BODY = YES;
				CLANG_WARN_ENUM_CONVERSION = YES;
				CLANG_WARN_INFINITE_RECURSION = YES;
				CLANG_WARN_INT_CONVERSION = YES;
				CLANG_WARN_NON_LITERAL_NULL_CONVERSION = YES;
				CLANG_WARN_OBJC_IMPLICIT_RETAIN_SELF = YES;
				CLANG_WARN_OBJC_LITERAL_CONVERSION = YES;
				CLANG_WARN_OBJC_ROOT_CLASS = YES_ERROR;
				CLANG_WARN_QUOTED_INCLUDE_IN_FRAMEWORK_HEADER = YES;
				CLANG_WARN_RANGE_LOOP_ANALYSIS = YES;
				CLANG_WARN_STRICT_PROTOTYPES = YES;
				CLANG_WARN_SUSPICIOUS_MOVE = YES;
				CLANG_WARN_UNGUARDED_AVAILABILITY = YES_AGGRESSIVE;
				CLANG_WARN_UNREACHABLE_CODE = YES;
				CLANG_WARN__DUPLICATE_METHOD_MATCH = YES;
				COPY_PHASE_STRIP = NO;
				DEBUG_INFORMATION_FORMAT = "dwarf-with-dsym";
				ENABLE_NS_ASSERTIONS = NO;
				ENABLE_STRICT_OBJC_MSGSEND = YES;
				GCC_C_LANGUAGE_STANDARD = gnu11;
				GCC_NO_COMMON_BLOCKS = YES;
				GCC_WARN_64_TO_32_BIT_CONVERSION = YES;
				GCC_WARN_ABOUT_RETURN_TYPE = YES_ERROR;
				GCC_WARN_UNDECLARED_SELECTOR = YES;
				GCC_WARN_UNINITIALIZED_AUTOS = YES_AGGRESSIVE;
				GCC_WARN_UNUSED_FUNCTION = YES;
				GCC_WARN_UNUSED_VARIABLE = YES;
				IPHONEOS_DEPLOYMENT_TARGET = 16.4;
				MTL_ENABLE_DEBUG_INFO = NO;
				MTL_FAST_MATH = YES;
				SDKROOT = iphoneos;
				SWIFT_COMPILATION_MODE = wholemodule;
				SWIFT_OPTIMIZATION_LEVEL = "-O";
				VALIDATE_PRODUCT = YES;
			};
			name = Release;
		};
		20C733C029EBC2E700D69052 /* Debug */ = {
			isa = XCBuildConfiguration;
			buildSettings = {
				ASSETCATALOG_COMPILER_APPICON_NAME = AppIcon;
				ASSETCATALOG_COMPILER_GLOBAL_ACCENT_COLOR_NAME = AccentColor;
				CODE_SIGN_STYLE = Automatic;
				CURRENT_PROJECT_VERSION = 1;
				DEVELOPMENT_ASSET_PATHS = "\"WeatherDemo/Preview Content\"";
				DEVELOPMENT_TEAM = 62F24UDXBP;
				ENABLE_PREVIEWS = YES;
				GENERATE_INFOPLIST_FILE = YES;
				INFOPLIST_KEY_UIApplicationSceneManifest_Generation = YES;
				INFOPLIST_KEY_UIApplicationSupportsIndirectInputEvents = YES;
				INFOPLIST_KEY_UILaunchScreen_Generation = YES;
				INFOPLIST_KEY_UISupportedInterfaceOrientations_iPad = "UIInterfaceOrientationPortrait UIInterfaceOrientationPortraitUpsideDown UIInterfaceOrientationLandscapeLeft UIInterfaceOrientationLandscapeRight";
				INFOPLIST_KEY_UISupportedInterfaceOrientations_iPhone = "UIInterfaceOrientationPortrait UIInterfaceOrientationLandscapeLeft UIInterfaceOrientationLandscapeRight";
				LD_RUNPATH_SEARCH_PATHS = (
					"$(inherited)",
					"@executable_path/Frameworks",
				);
				MARKETING_VERSION = 1.0;
				PRODUCT_BUNDLE_IDENTIFIER = "https---dhruvrohilla7.wixsite.com-dhruv-rohilla-blank-1.WeatherDemo";
				PRODUCT_NAME = "$(TARGET_NAME)";
				SWIFT_EMIT_LOC_STRINGS = YES;
				SWIFT_VERSION = 5.0;
				TARGETED_DEVICE_FAMILY = "1,2";
			};
			name = Debug;
		};
		20C733C129EBC2E700D69052 /* Release */ = {
			isa = XCBuildConfiguration;
			buildSettings = {
				ASSETCATALOG_COMPILER_APPICON_NAME = AppIcon;
				ASSETCATALOG_COMPILER_GLOBAL_ACCENT_COLOR_NAME = AccentColor;
				CODE_SIGN_STYLE = Automatic;
				CURRENT_PROJECT_VERSION = 1;
				DEVELOPMENT_ASSET_PATHS = "\"WeatherDemo/Preview Content\"";
				DEVELOPMENT_TEAM = 62F24UDXBP;
				ENABLE_PREVIEWS = YES;
				GENERATE_INFOPLIST_FILE = YES;
				INFOPLIST_KEY_UIApplicationSceneManifest_Generation = YES;
				INFOPLIST_KEY_UIApplicationSupportsIndirectInputEvents = YES;
				INFOPLIST_KEY_UILaunchScreen_Generation = YES;
				INFOPLIST_KEY_UISupportedInterfaceOrientations_iPad = "UIInterfaceOrientationPortrait UIInterfaceOrientationPortraitUpsideDown UIInterfaceOrientationLandscapeLeft UIInterfaceOrientationLandscapeRight";
				INFOPLIST_KEY_UISupportedInterfaceOrientations_iPhone = "UIInterfaceOrientationPortrait UIInterfaceOrientationLandscapeLeft UIInterfaceOrientationLandscapeRight";
				LD_RUNPATH_SEARCH_PATHS = (
					"$(inherited)",
					"@executable_path/Frameworks",
				);
				MARKETING_VERSION = 1.0;
				PRODUCT_BUNDLE_IDENTIFIER = "https---dhruvrohilla7.wixsite.com-dhruv-rohilla-blank-1.WeatherDemo";
				PRODUCT_NAME = "$(TARGET_NAME)";
				SWIFT_EMIT_LOC_STRINGS = YES;
				SWIFT_VERSION = 5.0;
				TARGETED_DEVICE_FAMILY = "1,2";
			};
			name = Release;
		};
		20C733C329EBC2E700D69052 /* Debug */ = {
			isa = XCBuildConfiguration;
			buildSettings = {
				ALWAYS_EMBED_SWIFT_STANDARD_LIBRARIES = YES;
				BUNDLE_LOADER = "$(TEST_HOST)";
				CODE_SIGN_STYLE = Automatic;
				CURRENT_PROJECT_VERSION = 1;
				DEVELOPMENT_TEAM = 62F24UDXBP;
				GENERATE_INFOPLIST_FILE = YES;
				IPHONEOS_DEPLOYMENT_TARGET = 16.4;
				MARKETING_VERSION = 1.0;
				PRODUCT_BUNDLE_IDENTIFIER = "https---dhruvrohilla7.wixsite.com-dhruv-rohilla-blank-1.WeatherDemoTests";
				PRODUCT_NAME = "$(TARGET_NAME)";
				SWIFT_EMIT_LOC_STRINGS = NO;
				SWIFT_VERSION = 5.0;
				TARGETED_DEVICE_FAMILY = "1,2";
				TEST_HOST = "$(BUILT_PRODUCTS_DIR)/WeatherDemo.app/$(BUNDLE_EXECUTABLE_FOLDER_PATH)/WeatherDemo";
			};
			name = Debug;
		};
		20C733C429EBC2E700D69052 /* Release */ = {
			isa = XCBuildConfiguration;
			buildSettings = {
				ALWAYS_EMBED_SWIFT_STANDARD_LIBRARIES = YES;
				BUNDLE_LOADER = "$(TEST_HOST)";
				CODE_SIGN_STYLE = Automatic;
				CURRENT_PROJECT_VERSION = 1;
				DEVELOPMENT_TEAM = 62F24UDXBP;
				GENERATE_INFOPLIST_FILE = YES;
				IPHONEOS_DEPLOYMENT_TARGET = 16.4;
				MARKETING_VERSION = 1.0;
				PRODUCT_BUNDLE_IDENTIFIER = "https---dhruvrohilla7.wixsite.com-dhruv-rohilla-blank-1.WeatherDemoTests";
				PRODUCT_NAME = "$(TARGET_NAME)";
				SWIFT_EMIT_LOC_STRINGS = NO;
				SWIFT_VERSION = 5.0;
				TARGETED_DEVICE_FAMILY = "1,2";
				TEST_HOST = "$(BUILT_PRODUCTS_DIR)/WeatherDemo.app/$(BUNDLE_EXECUTABLE_FOLDER_PATH)/WeatherDemo";
			};
			name = Release;
		};
		20C733C629EBC2E700D69052 /* Debug */ = {
			isa = XCBuildConfiguration;
			buildSettings = {
				ALWAYS_EMBED_SWIFT_STANDARD_LIBRARIES = YES;
				CODE_SIGN_STYLE = Automatic;
				CURRENT_PROJECT_VERSION = 1;
				DEVELOPMENT_TEAM = 62F24UDXBP;
				GENERATE_INFOPLIST_FILE = YES;
				MARKETING_VERSION = 1.0;
				PRODUCT_BUNDLE_IDENTIFIER = "https---dhruvrohilla7.wixsite.com-dhruv-rohilla-blank-1.WeatherDemoUITests";
				PRODUCT_NAME = "$(TARGET_NAME)";
				SWIFT_EMIT_LOC_STRINGS = NO;
				SWIFT_VERSION = 5.0;
				TARGETED_DEVICE_FAMILY = "1,2";
				TEST_TARGET_NAME = WeatherDemo;
			};
			name = Debug;
		};
		20C733C729EBC2E700D69052 /* Release */ = {
			isa = XCBuildConfiguration;
			buildSettings = {
				ALWAYS_EMBED_SWIFT_STANDARD_LIBRARIES = YES;
				CODE_SIGN_STYLE = Automatic;
				CURRENT_PROJECT_VERSION = 1;
				DEVELOPMENT_TEAM = 62F24UDXBP;
				GENERATE_INFOPLIST_FILE = YES;
				MARKETING_VERSION = 1.0;
				PRODUCT_BUNDLE_IDENTIFIER = "https---dhruvrohilla7.wixsite.com-dhruv-rohilla-blank-1.WeatherDemoUITests";
				PRODUCT_NAME = "$(TARGET_NAME)";
				SWIFT_EMIT_LOC_STRINGS = NO;
				SWIFT_VERSION = 5.0;
				TARGETED_DEVICE_FAMILY = "1,2";
				TEST_TARGET_NAME = WeatherDemo;
			};
			name = Release;
		};
/* End XCBuildConfiguration section */

/* Begin XCConfigurationList section */
		20C7339629EBC2E400D69052 /* Build configuration list for PBXProject "WeatherDemo" */ = {
			isa = XCConfigurationList;
			buildConfigurations = (
				20C733BD29EBC2E700D69052 /* Debug */,
				20C733BE29EBC2E700D69052 /* Release */,
			);
			defaultConfigurationIsVisible = 0;
			defaultConfigurationName = Release;
		};
		20C733BF29EBC2E700D69052 /* Build configuration list for PBXNativeTarget "WeatherDemo" */ = {
			isa = XCConfigurationList;
			buildConfigurations = (
				20C733C029EBC2E700D69052 /* Debug */,
				20C733C129EBC2E700D69052 /* Release */,
			);
			defaultConfigurationIsVisible = 0;
			defaultConfigurationName = Release;
		};
		20C733C229EBC2E700D69052 /* Build configuration list for PBXNativeTarget "WeatherDemoTests" */ = {
			isa = XCConfigurationList;
			buildConfigurations = (
				20C733C329EBC2E700D69052 /* Debug */,
				20C733C429EBC2E700D69052 /* Release */,
			);
			defaultConfigurationIsVisible = 0;
			defaultConfigurationName = Release;
		};
		20C733C529EBC2E700D69052 /* Build configuration list for PBXNativeTarget "WeatherDemoUITests" */ = {
			isa = XCConfigurationList;
			buildConfigurations = (
				20C733C629EBC2E700D69052 /* Debug */,
				20C733C729EBC2E700D69052 /* Release */,
			);
			defaultConfigurationIsVisible = 0;
			defaultConfigurationName = Release;
		};
/* End XCConfigurationList section */
	};
	rootObject = 20C7339329EBC2E400D69052 /* Project object */;
}
